
Microsoft Visual Studio Solution File, Format Version 12.00
# Visual Studio Version 16
VisualStudioVersion = 16.0.30804.86
MinimumVisualStudioVersion = 10.0.40219.1
Project("{FAE04EC0-301F-11D3-BF4B-00C04F79EFBC}") = "Produto estoque encapsulamento", "Produto estoque encapsulamento\Produto estoque encapsulamento.csproj", "{1C1B7898-A74B-4F92-80E2-59056CEE526F}"
EndProject
Global
	GlobalSection(SolutionConfigurationPlatforms) = preSolution
		Debug|Any CPU = Debug|Any CPU
		Release|Any CPU = Release|Any CPU
	EndGlobalSection
	GlobalSection(ProjectConfigurationPlatforms) = postSolution
		{1C1B7898-A74B-4F92-80E2-59056CEE526F}.Debug|Any CPU.ActiveCfg = Debug|Any CPU
		{1C1B7898-A74B-4F92-80E2-59056CEE526F}.Debug|Any CPU.Build.0 = Debug|Any CPU
		{1C1B7898-A74B-4F92-80E2-59056CEE526F}.Release|Any CPU.ActiveCfg = Release|Any CPU
		{1C1B7898-A74B-4F92-80E2-59056CEE526F}.Release|Any CPU.Build.0 = Release|Any CPU
	EndGlobalSection
	GlobalSection(SolutionProperties) = preSolution
		HideSolutionNode = FALSE
	EndGlobalSection
	GlobalSection(ExtensibilityGlobals) = postSolution
		SolutionGuid = {FAA4DED4-83D7-4CD3-8722-76974927BF10}
	EndGlobalSection
EndGlobal
