
Microsoft Visual Studio Solution File, Format Version 12.00
# Visual Studio Version 16
VisualStudioVersion = 16.0.30804.86
MinimumVisualStudioVersion = 10.0.40219.1
Project("{FAE04EC0-301F-11D3-BF4B-00C04F79EFBC}") = "Produto estoque", "Produto estoque\Produto estoque.csproj", "{BDB15EC1-23D2-4106-A9A0-36248E617C29}"
EndProject
Global
	GlobalSection(SolutionConfigurationPlatforms) = preSolution
		Debug|Any CPU = Debug|Any CPU
		Release|Any CPU = Release|Any CPU
	EndGlobalSection
	GlobalSection(ProjectConfigurationPlatforms) = postSolution
		{BDB15EC1-23D2-4106-A9A0-36248E617C29}.Debug|Any CPU.ActiveCfg = Debug|Any CPU
		{BDB15EC1-23D2-4106-A9A0-36248E617C29}.Debug|Any CPU.Build.0 = Debug|Any CPU
		{BDB15EC1-23D2-4106-A9A0-36248E617C29}.Release|Any CPU.ActiveCfg = Release|Any CPU
		{BDB15EC1-23D2-4106-A9A0-36248E617C29}.Release|Any CPU.Build.0 = Release|Any CPU
	EndGlobalSection
	GlobalSection(SolutionProperties) = preSolution
		HideSolutionNode = FALSE
	EndGlobalSection
	GlobalSection(ExtensibilityGlobals) = postSolution
		SolutionGuid = {1EF0F048-FE7F-4517-B315-BE9F4947BFD1}
	EndGlobalSection
EndGlobal
